
Microsoft Visual Studio Solution File, Format Version 12.00
# Visual Studio Version 16
VisualStudioVersion = 16.0.33529.622
MinimumVisualStudioVersion = 10.0.40219.1
Project("{D2ABAB84-BF74-430A-B69E-9DC6D40DDA17}") = "SSAS_SuperStore", "SSAS_SuperStore\SSAS_SuperStore.dwproj", "{7BDF2D45-2BC1-44B2-AFEF-D5F6BE0AFBE3}"
EndProject
Global
	GlobalSection(SolutionConfigurationPlatforms) = preSolution
		Development|Default = Development|Default
	EndGlobalSection
	GlobalSection(ProjectConfigurationPlatforms) = postSolution
		{7BDF2D45-2BC1-44B2-AFEF-D5F6BE0AFBE3}.Development|Default.ActiveCfg = Development
		{7BDF2D45-2BC1-44B2-AFEF-D5F6BE0AFBE3}.Development|Default.Build.0 = Development
		{7BDF2D45-2BC1-44B2-AFEF-D5F6BE0AFBE3}.Development|Default.Deploy.0 = Development
	EndGlobalSection
	GlobalSection(SolutionProperties) = preSolution
		HideSolutionNode = FALSE
	EndGlobalSection
	GlobalSection(ExtensibilityGlobals) = postSolution
		SolutionGuid = {15791AAA-64ED-403E-B60D-89A81949EC34}
	EndGlobalSection
EndGlobal
